
Microsoft Visual Studio Solution File, Format Version 12.00
Project("{FAE04EC0-301F-11D3-BF4B-00C04F79EFBC}") = "ApiDesign.API", "ApiDesign.API\ApiDesign.API.csproj", "{0A0AD1FE-BC18-4DFE-A582-BE0C792E2602}"
EndProject
Project("{FAE04EC0-301F-11D3-BF4B-00C04F79EFBC}") = "ApiDesign.Core", "ApiDesign.Core\ApiDesign.Core.csproj", "{A93C0236-A686-40AF-AB8F-DA0C9D4E0BB2}"
EndProject
Project("{FAE04EC0-301F-11D3-BF4B-00C04F79EFBC}") = "ApiDesign.Data", "ApiDesign.Data\ApiDesign.Data.csproj", "{4899AB16-4B72-4569-BE42-C2F0383B7FC4}"
EndProject
Project("{FAE04EC0-301F-11D3-BF4B-00C04F79EFBC}") = "ApiDesign.Service", "ApiDesign.Service\ApiDesign.Service.csproj", "{0EF473E3-97A4-4AEE-909B-CD36224E6876}"
EndProject
Global
	GlobalSection(SolutionConfigurationPlatforms) = preSolution
		Debug|Any CPU = Debug|Any CPU
		Release|Any CPU = Release|Any CPU
	EndGlobalSection
	GlobalSection(ProjectConfigurationPlatforms) = postSolution
		{0A0AD1FE-BC18-4DFE-A582-BE0C792E2602}.Debug|Any CPU.ActiveCfg = Debug|Any CPU
		{0A0AD1FE-BC18-4DFE-A582-BE0C792E2602}.Debug|Any CPU.Build.0 = Debug|Any CPU
		{0A0AD1FE-BC18-4DFE-A582-BE0C792E2602}.Release|Any CPU.ActiveCfg = Release|Any CPU
		{0A0AD1FE-BC18-4DFE-A582-BE0C792E2602}.Release|Any CPU.Build.0 = Release|Any CPU
		{A93C0236-A686-40AF-AB8F-DA0C9D4E0BB2}.Debug|Any CPU.ActiveCfg = Debug|Any CPU
		{A93C0236-A686-40AF-AB8F-DA0C9D4E0BB2}.Debug|Any CPU.Build.0 = Debug|Any CPU
		{A93C0236-A686-40AF-AB8F-DA0C9D4E0BB2}.Release|Any CPU.ActiveCfg = Release|Any CPU
		{A93C0236-A686-40AF-AB8F-DA0C9D4E0BB2}.Release|Any CPU.Build.0 = Release|Any CPU
		{4899AB16-4B72-4569-BE42-C2F0383B7FC4}.Debug|Any CPU.ActiveCfg = Debug|Any CPU
		{4899AB16-4B72-4569-BE42-C2F0383B7FC4}.Debug|Any CPU.Build.0 = Debug|Any CPU
		{4899AB16-4B72-4569-BE42-C2F0383B7FC4}.Release|Any CPU.ActiveCfg = Release|Any CPU
		{4899AB16-4B72-4569-BE42-C2F0383B7FC4}.Release|Any CPU.Build.0 = Release|Any CPU
		{0EF473E3-97A4-4AEE-909B-CD36224E6876}.Debug|Any CPU.ActiveCfg = Debug|Any CPU
		{0EF473E3-97A4-4AEE-909B-CD36224E6876}.Debug|Any CPU.Build.0 = Debug|Any CPU
		{0EF473E3-97A4-4AEE-909B-CD36224E6876}.Release|Any CPU.ActiveCfg = Release|Any CPU
		{0EF473E3-97A4-4AEE-909B-CD36224E6876}.Release|Any CPU.Build.0 = Release|Any CPU
	EndGlobalSection
EndGlobal
